
Microsoft Visual Studio Solution File, Format Version 12.00
# Visual Studio Version 17
VisualStudioVersion = 17.4.33122.133
MinimumVisualStudioVersion = 10.0.40219.1
Project("{FAE04EC0-301F-11D3-BF4B-00C04F79EFBC}") = "RMSWPF", "RMSWPF.csproj", "{CAFCDE81-C426-47CF-8560-B59169D92DB2}"
EndProject
Global
	GlobalSection(SolutionConfigurationPlatforms) = preSolution
		Debug|Any CPU = Debug|Any CPU
		Release|Any CPU = Release|Any CPU
	EndGlobalSection
	GlobalSection(ProjectConfigurationPlatforms) = postSolution
		{CAFCDE81-C426-47CF-8560-B59169D92DB2}.Debug|Any CPU.ActiveCfg = Debug|Any CPU
		{CAFCDE81-C426-47CF-8560-B59169D92DB2}.Debug|Any CPU.Build.0 = Debug|Any CPU
		{CAFCDE81-C426-47CF-8560-B59169D92DB2}.Release|Any CPU.ActiveCfg = Release|Any CPU
		{CAFCDE81-C426-47CF-8560-B59169D92DB2}.Release|Any CPU.Build.0 = Release|Any CPU
	EndGlobalSection
	GlobalSection(SolutionProperties) = preSolution
		HideSolutionNode = FALSE
	EndGlobalSection
	GlobalSection(ExtensibilityGlobals) = postSolution
		SolutionGuid = {729C52C1-B1B0-4BE5-8477-B21C99C3227C}
	EndGlobalSection
EndGlobal
